
Microsoft Visual Studio Solution File, Format Version 12.00
# Visual Studio Version 17
VisualStudioVersion = 17.5.002.0
MinimumVisualStudioVersion = 10.0.40219.1
Project("{2150E333-8FDC-42A3-9474-1A3956D46DE8}") = "src", "src", "{1A008C34-4A57-4200-9C4C-95DAC2016C19}"
EndProject
Project("{9A19103F-16F7-4668-BE54-9A1E7A4F7556}") = "TodoApi", "src\ToDo\TodoApi.csproj", "{7A3F2796-126A-4E3D-A6F6-A918C5571BAC}"
EndProject
Global
	GlobalSection(SolutionConfigurationPlatforms) = preSolution
		Debug|Any CPU = Debug|Any CPU
		Release|Any CPU = Release|Any CPU
	EndGlobalSection
	GlobalSection(ProjectConfigurationPlatforms) = postSolution
		{7A3F2796-126A-4E3D-A6F6-A918C5571BAC}.Debug|Any CPU.ActiveCfg = Debug|Any CPU
		{7A3F2796-126A-4E3D-A6F6-A918C5571BAC}.Debug|Any CPU.Build.0 = Debug|Any CPU
		{7A3F2796-126A-4E3D-A6F6-A918C5571BAC}.Release|Any CPU.ActiveCfg = Release|Any CPU
		{7A3F2796-126A-4E3D-A6F6-A918C5571BAC}.Release|Any CPU.Build.0 = Release|Any CPU
	EndGlobalSection
	GlobalSection(SolutionProperties) = preSolution
		HideSolutionNode = FALSE
	EndGlobalSection
	GlobalSection(NestedProjects) = preSolution
		{7A3F2796-126A-4E3D-A6F6-A918C5571BAC} = {1A008C34-4A57-4200-9C4C-95DAC2016C19}
	EndGlobalSection
	GlobalSection(ExtensibilityGlobals) = postSolution
		SolutionGuid = {83E0DD79-393A-42E2-A758-BCD50E7AFB73}
	EndGlobalSection
EndGlobal
